<?xml version="1.0" encoding="utf-8"?>
<Project ToolsVersion="4.0" xmlns="http://schemas.microsoft.com/developer/msbuild/2003">
  <ItemGroup>
    <Filter Include="Source Files">
      <UniqueIdentifier>{4FC737F1-C7A5-4376-A066-2A32D752A2FF}</UniqueIdentifier>
      <Extensions>cpp;c;cc;cxx;c++;def;odl;idl;hpj;bat;asm;asmx</Extensions>
    </Filter>
    <Filter Include="Header Files">
      <UniqueIdentifier>{93995380-89BD-4b04-88EB-625FBE52EBFB}</UniqueIdentifier>
      <Extensions>h;hh;hpp;hxx;h++;hm;inl;inc;ipp;xsd</Extensions>
    </Filter>
    <Filter Include="Resource Files">
      <UniqueIdentifier>{67DA6AB6-F800-4c08-8B7A-83BB121AAD01}</UniqueIdentifier>
      <Extensions>rc;ico;cur;bmp;dlg;rc2;rct;bin;rgs;gif;jpg;jpeg;jpe;resx;tiff;tif;png;wav;mfcribbon-ms</Extensions>
    </Filter>
    <Filter Include="Source Files\operations">
      <UniqueIdentifier>{877237a7-74d7-43a1-95bc-3f4d85162f4f}</UniqueIdentifier>
    </Filter>
    <Filter Include="Source Files\collections">
      <UniqueIdentifier>{ec9d8e96-7396-4320-95f2-71174e00acc0}</UniqueIdentifier>
    </Filter>
    <Filter Include="Source Files\gui">
      <UniqueIdentifier>{dbdd83ce-d0b0-4581-9de3-eb4ba5550d26}</UniqueIdentifier>
    </Filter>
    <Filter Include="Source Files\formaters">
      <UniqueIdentifier>{7b7a6e35-4ab3-4d96-bdc9-6511e664f929}</UniqueIdentifier>
    </Filter>
    <Filter Include="Header Files\collections">
      <UniqueIdentifier>{72495270-8d5a-40a5-a283-772e0506df03}</UniqueIdentifier>
    </Filter>
    <Filter Include="Header Files\gui">
      <UniqueIdentifier>{19abbb01-b71a-431c-8953-11c331f95be1}</UniqueIdentifier>
    </Filter>
    <Filter Include="Header Files\formaters">
      <UniqueIdentifier>{55170e63-2b2b-4035-b9e4-2d66ffc9276f}</UniqueIdentifier>
    </Filter>
    <Filter Include="Header Files\operations">
      <UniqueIdentifier>{01fcd18e-2b69-4d95-b3b1-f00723d3b347}</UniqueIdentifier>
    </Filter>
    <Filter Include="Header Files\rapidXml">
      <UniqueIdentifier>{1bebfc63-2f7e-4733-a6cf-b0db137f5c96}</UniqueIdentifier>
    </Filter>
  </ItemGroup>
  <ItemGroup>
    <ClInclude Include="headers\collections\layer_collection.h">
      <Filter>Header Files\collections</Filter>
    </ClInclude>
    <ClInclude Include="headers\collections\operation_collection.h">
      <Filter>Header Files\collections</Filter>
    </ClInclude>
    <ClInclude Include="headers\collections\project_manager.h">
      <Filter>Header Files\collections</Filter>
    </ClInclude>
    <ClInclude Include="headers\collections\selection_collection.h">
      <Filter>Header Files\collections</Filter>
    </ClInclude>
    <ClInclude Include="headers\gui\menu.h">
      <Filter>Header Files\gui</Filter>
    </ClInclude>
    <ClInclude Include="headers\gui\menu_image.h">
      <Filter>Header Files\gui</Filter>
    </ClInclude>
    <ClInclude Include="headers\gui\menu_layer.h">
      <Filter>Header Files\gui</Filter>
    </ClInclude>
    <ClInclude Include="headers\gui\menu_main.h">
      <Filter>Header Files\gui</Filter>
    </ClInclude>
    <ClInclude Include="headers\gui\menu_operations.h">
      <Filter>Header Files\gui</Filter>
    </ClInclude>
    <ClInclude Include="headers\gui\menu_operations_mode.h">
      <Filter>Header Files\gui</Filter>
    </ClInclude>
    <ClInclude Include="headers\gui\menu_selection.h">
      <Filter>Header Files\gui</Filter>
    </ClInclude>
    <ClInclude Include="headers\formaters\formater.h">
      <Filter>Header Files\formaters</Filter>
    </ClInclude>
    <ClInclude Include="headers\formaters\formater_bmp.h">
      <Filter>Header Files\formaters</Filter>
    </ClInclude>
    <ClInclude Include="headers\formaters\formater_pam.h">
      <Filter>Header Files\formaters</Filter>
    </ClInclude>
    <ClInclude Include="headers\operations\complex_operation.h">
      <Filter>Header Files\operations</Filter>
    </ClInclude>
    <ClInclude Include="headers\operations\gray_operation.h">
      <Filter>Header Files\operations</Filter>
    </ClInclude>
    <ClInclude Include="headers\operations\operation.h">
      <Filter>Header Files\operations</Filter>
    </ClInclude>
    <ClInclude Include="headers\operations\simple_operation.h">
      <Filter>Header Files\operations</Filter>
    </ClInclude>
    <ClInclude Include="headers\image.h">
      <Filter>Header Files</Filter>
    </ClInclude>
    <ClInclude Include="headers\layer.h">
      <Filter>Header Files</Filter>
    </ClInclude>
    <ClInclude Include="headers\pixel.h">
      <Filter>Header Files</Filter>
    </ClInclude>
    <ClInclude Include="headers\rectangle.h">
      <Filter>Header Files</Filter>
    </ClInclude>
    <ClInclude Include="headers\selection.h">
      <Filter>Header Files</Filter>
    </ClInclude>
    <ClInclude Include="headers\utilities.h">
      <Filter>Header Files</Filter>
    </ClInclude>
    <ClInclude Include="headers\gui\menu_export.h">
      <Filter>Header Files\gui</Filter>
    </ClInclude>
    <ClInclude Include="rapidxml.hpp">
      <Filter>Header Files\rapidXml</Filter>
    </ClInclude>
    <ClInclude Include="rapidxml_iterators.hpp">
      <Filter>Header Files\rapidXml</Filter>
    </ClInclude>
    <ClInclude Include="rapidxml_print.hpp">
      <Filter>Header Files\rapidXml</Filter>
    </ClInclude>
    <ClInclude Include="rapidxml_utils.hpp">
      <Filter>Header Files\rapidXml</Filter>
    </ClInclude>
    <ClInclude Include="headers\operations\diadic_operation.h">
      <Filter>Header Files\operations</Filter>
    </ClInclude>
    <ClInclude Include="headers\operations\median_operation.h">
      <Filter>Header Files\operations</Filter>
    </ClInclude>
    <ClInclude Include="headers\gui\menu_file.h">
      <Filter>Header Files\gui</Filter>
    </ClInclude>
  </ItemGroup>
  <ItemGroup>
    <ClCompile Include="source\collections\layer_collection.cpp">
      <Filter>Source Files\collections</Filter>
    </ClCompile>
    <ClCompile Include="source\collections\operation_collection.cpp">
      <Filter>Source Files\collections</Filter>
    </ClCompile>
    <ClCompile Include="source\collections\project_manager.cpp">
      <Filter>Source Files\collections</Filter>
    </ClCompile>
    <ClCompile Include="source\collections\selection_collection.cpp">
      <Filter>Source Files\collections</Filter>
    </ClCompile>
    <ClCompile Include="source\formaters\formater_bmp.cpp">
      <Filter>Source Files\formaters</Filter>
    </ClCompile>
    <ClCompile Include="source\formaters\formater_pam.cpp">
      <Filter>Source Files\formaters</Filter>
    </ClCompile>
    <ClCompile Include="source\gui\menu.cpp">
      <Filter>Source Files\gui</Filter>
    </ClCompile>
    <ClCompile Include="source\gui\menu_image.cpp">
      <Filter>Source Files\gui</Filter>
    </ClCompile>
    <ClCompile Include="source\gui\menu_layer.cpp">
      <Filter>Source Files\gui</Filter>
    </ClCompile>
    <ClCompile Include="source\gui\menu_main.cpp">
      <Filter>Source Files\gui</Filter>
    </ClCompile>
    <ClCompile Include="source\gui\menu_operation_mode.cpp">
      <Filter>Source Files\gui</Filter>
    </ClCompile>
    <ClCompile Include="source\gui\menu_operations.cpp">
      <Filter>Source Files\gui</Filter>
    </ClCompile>
    <ClCompile Include="source\gui\menu_selection.cpp">
      <Filter>Source Files\gui</Filter>
    </ClCompile>
    <ClCompile Include="source\operations\complex_operation.cpp">
      <Filter>Source Files\operations</Filter>
    </ClCompile>
    <ClCompile Include="source\operations\gray_operation.cpp">
      <Filter>Source Files\operations</Filter>
    </ClCompile>
    <ClCompile Include="source\operations\operation.cpp">
      <Filter>Source Files\operations</Filter>
    </ClCompile>
    <ClCompile Include="source\operations\simple_operation.cpp">
      <Filter>Source Files\operations</Filter>
    </ClCompile>
    <ClCompile Include="source\image.cpp">
      <Filter>Source Files</Filter>
    </ClCompile>
    <ClCompile Include="source\layer.cpp">
      <Filter>Source Files</Filter>
    </ClCompile>
    <ClCompile Include="source\main.cpp">
      <Filter>Source Files</Filter>
    </ClCompile>
    <ClCompile Include="source\pixel.cpp">
      <Filter>Source Files</Filter>
    </ClCompile>
    <ClCompile Include="source\rectangle.cpp">
      <Filter>Source Files</Filter>
    </ClCompile>
    <ClCompile Include="source\selection.cpp">
      <Filter>Source Files</Filter>
    </ClCompile>
    <ClCompile Include="source\utilities.cpp">
      <Filter>Source Files</Filter>
    </ClCompile>
    <ClCompile Include="source\gui\menu_export.cpp">
      <Filter>Source Files\gui</Filter>
    </ClCompile>
    <ClCompile Include="headers\formaters\formater.cpp">
      <Filter>Source Files\formaters</Filter>
    </ClCompile>
    <ClCompile Include="source\operations\diadic_operation.cpp">
      <Filter>Source Files\operations</Filter>
    </ClCompile>
    <ClCompile Include="source\operations\median_operation.cpp">
      <Filter>Source Files\operations</Filter>
    </ClCompile>
    <ClCompile Include="source\gui\menu_file.cpp">
      <Filter>Source Files\gui</Filter>
    </ClCompile>
  </ItemGroup>
  <ItemGroup>
    <None Include="..\..\..\..\Desktop\sample_640426.pam">
      <Filter>Resource Files</Filter>
    </None>
  </ItemGroup>
</Project>